// !$*UTF8*$!
{
	archiveVersion = 1;
	classes = {
	};
	objectVersion = 50;
	objects = {

/* Begin PBXBuildFile section */
		5D3C170425E2758100A939FF /* AppDelegate.swift in Sources */ = {isa = PBXBuildFile; fileRef = 5D3C170325E2758100A939FF /* AppDelegate.swift */; };
		5D3C170625E2758100A939FF /* SceneDelegate.swift in Sources */ = {isa = PBXBuildFile; fileRef = 5D3C170525E2758100A939FF /* SceneDelegate.swift */; };
		5D3C170B25E2758100A939FF /* Main.storyboard in Resources */ = {isa = PBXBuildFile; fileRef = 5D3C170925E2758100A939FF /* Main.storyboard */; };
		5D3C170D25E2758300A939FF /* Assets.xcassets in Resources */ = {isa = PBXBuildFile; fileRef = 5D3C170C25E2758300A939FF /* Assets.xcassets */; };
		5D3C171025E2758300A939FF /* LaunchScreen.storyboard in Resources */ = {isa = PBXBuildFile; fileRef = 5D3C170E25E2758300A939FF /* LaunchScreen.storyboard */; };
		5D3C171A25E27FB800A939FF /* MenuViewController.swift in Sources */ = {isa = PBXBuildFile; fileRef = 5D3C171925E27FB800A939FF /* MenuViewController.swift */; };
		5D3C171E25E2800200A939FF /* MealViewController.swift in Sources */ = {isa = PBXBuildFile; fileRef = 5D3C171D25E2800200A939FF /* MealViewController.swift */; };
		5D3C172125E2805700A939FF /* ReviewViewController.swift in Sources */ = {isa = PBXBuildFile; fileRef = 5D3C172025E2805700A939FF /* ReviewViewController.swift */; };
		5D3C172425E2809100A939FF /* AddReviewViewController.swift in Sources */ = {isa = PBXBuildFile; fileRef = 5D3C172325E2809100A939FF /* AddReviewViewController.swift */; };
		5D3C172725E2930500A939FF /* Meal.swift in Sources */ = {isa = PBXBuildFile; fileRef = 5D3C172625E2930500A939FF /* Meal.swift */; };
		5D3C172A25E2943D00A939FF /* Review.swift in Sources */ = {isa = PBXBuildFile; fileRef = 5D3C172925E2943D00A939FF /* Review.swift */; };
		5D3C172D25E2965B00A939FF /* AppData.swift in Sources */ = {isa = PBXBuildFile; fileRef = 5D3C172C25E2965B00A939FF /* AppData.swift */; };
/* End PBXBuildFile section */

/* Begin PBXFileReference section */
		5D3C170025E2758100A939FF /* Homework_Storyboard_6.app */ = {isa = PBXFileReference; explicitFileType = wrapper.application; includeInIndex = 0; path = Homework_Storyboard_6.app; sourceTree = BUILT_PRODUCTS_DIR; };
		5D3C170325E2758100A939FF /* AppDelegate.swift */ = {isa = PBXFileReference; lastKnownFileType = sourcecode.swift; path = AppDelegate.swift; sourceTree = "<group>"; };
		5D3C170525E2758100A939FF /* SceneDelegate.swift */ = {isa = PBXFileReference; lastKnownFileType = sourcecode.swift; path = SceneDelegate.swift; sourceTree = "<group>"; };
		5D3C170A25E2758100A939FF /* Base */ = {isa = PBXFileReference; lastKnownFileType = file.storyboard; name = Base; path = Base.lproj/Main.storyboard; sourceTree = "<group>"; };
		5D3C170C25E2758300A939FF /* Assets.xcassets */ = {isa = PBXFileReference; lastKnownFileType = folder.assetcatalog; path = Assets.xcassets; sourceTree = "<group>"; };
		5D3C170F25E2758300A939FF /* Base */ = {isa = PBXFileReference; lastKnownFileType = file.storyboard; name = Base; path = Base.lproj/LaunchScreen.storyboard; sourceTree = "<group>"; };
		5D3C171125E2758300A939FF /* Info.plist */ = {isa = PBXFileReference; lastKnownFileType = text.plist.xml; path = Info.plist; sourceTree = "<group>"; };
		5D3C171925E27FB800A939FF /* MenuViewController.swift */ = {isa = PBXFileReference; lastKnownFileType = sourcecode.swift; path = MenuViewController.swift; sourceTree = "<group>"; };
		5D3C171D25E2800200A939FF /* MealViewController.swift */ = {isa = PBXFileReference; lastKnownFileType = sourcecode.swift; path = MealViewController.swift; sourceTree = "<group>"; };
		5D3C172025E2805700A939FF /* ReviewViewController.swift */ = {isa = PBXFileReference; lastKnownFileType = sourcecode.swift; path = ReviewViewController.swift; sourceTree = "<group>"; };
		5D3C172325E2809100A939FF /* AddReviewViewController.swift */ = {isa = PBXFileReference; lastKnownFileType = sourcecode.swift; path = AddReviewViewController.swift; sourceTree = "<group>"; };
		5D3C172625E2930500A939FF /* Meal.swift */ = {isa = PBXFileReference; lastKnownFileType = sourcecode.swift; path = Meal.swift; sourceTree = "<group>"; };
		5D3C172925E2943D00A939FF /* Review.swift */ = {isa = PBXFileReference; lastKnownFileType = sourcecode.swift; path = Review.swift; sourceTree = "<group>"; };
		5D3C172C25E2965B00A939FF /* AppData.swift */ = {isa = PBXFileReference; lastKnownFileType = sourcecode.swift; path = AppData.swift; sourceTree = "<group>"; };
/* End PBXFileReference section */

/* Begin PBXFrameworksBuildPhase section */
		5D3C16FD25E2758100A939FF /* Frameworks */ = {
			isa = PBXFrameworksBuildPhase;
			buildActionMask = 2147483647;
			files = (
			);
			runOnlyForDeploymentPostprocessing = 0;
		};
/* End PBXFrameworksBuildPhase section */

/* Begin PBXGroup section */
		5D3C16F725E2758100A939FF = {
			isa = PBXGroup;
			children = (
				5D3C170225E2758100A939FF /* Homework_Storyboard_6 */,
				5D3C170125E2758100A939FF /* Products */,
			);
			sourceTree = "<group>";
		};
		5D3C170125E2758100A939FF /* Products */ = {
			isa = PBXGroup;
			children = (
				5D3C170025E2758100A939FF /* Homework_Storyboard_6.app */,
			);
			name = Products;
			sourceTree = "<group>";
		};
		5D3C170225E2758100A939FF /* Homework_Storyboard_6 */ = {
			isa = PBXGroup;
			children = (
				5D3C170325E2758100A939FF /* AppDelegate.swift */,
				5D3C170525E2758100A939FF /* SceneDelegate.swift */,
				5D3C170925E2758100A939FF /* Main.storyboard */,
				5D3C170C25E2758300A939FF /* Assets.xcassets */,
				5D3C170E25E2758300A939FF /* LaunchScreen.storyboard */,
				5D3C171125E2758300A939FF /* Info.plist */,
				5D3C171925E27FB800A939FF /* MenuViewController.swift */,
				5D3C171D25E2800200A939FF /* MealViewController.swift */,
				5D3C172025E2805700A939FF /* ReviewViewController.swift */,
				5D3C172325E2809100A939FF /* AddReviewViewController.swift */,
				5D3C172625E2930500A939FF /* Meal.swift */,
				5D3C172925E2943D00A939FF /* Review.swift */,
				5D3C172C25E2965B00A939FF /* AppData.swift */,
			);
			path = Homework_Storyboard_6;
			sourceTree = "<group>";
		};
/* End PBXGroup section */

/* Begin PBXNativeTarget section */
		5D3C16FF25E2758100A939FF /* Homework_Storyboard_6 */ = {
			isa = PBXNativeTarget;
			buildConfigurationList = 5D3C171425E2758300A939FF /* Build configuration list for PBXNativeTarget "Homework_Storyboard_6" */;
			buildPhases = (
				5D3C16FC25E2758100A939FF /* Sources */,
				5D3C16FD25E2758100A939FF /* Frameworks */,
				5D3C16FE25E2758100A939FF /* Resources */,
			);
			buildRules = (
			);
			dependencies = (
			);
			name = Homework_Storyboard_6;
			productName = Homework_Storyboard_6;
			productReference = 5D3C170025E2758100A939FF /* Homework_Storyboard_6.app */;
			productType = "com.apple.product-type.application";
		};
/* End PBXNativeTarget section */

/* Begin PBXProject section */
		5D3C16F825E2758100A939FF /* Project object */ = {
			isa = PBXProject;
			attributes = {
				LastSwiftUpdateCheck = 1240;
				LastUpgradeCheck = 1240;
				TargetAttributes = {
					5D3C16FF25E2758100A939FF = {
						CreatedOnToolsVersion = 12.4;
					};
				};
			};
			buildConfigurationList = 5D3C16FB25E2758100A939FF /* Build configuration list for PBXProject "Homework_Storyboard_6" */;
			compatibilityVersion = "Xcode 9.3";
			developmentRegion = en;
			hasScannedForEncodings = 0;
			knownRegions = (
				en,
				Base,
			);
			mainGroup = 5D3C16F725E2758100A939FF;
			productRefGroup = 5D3C170125E2758100A939FF /* Products */;
			projectDirPath = "";
			projectRoot = "";
			targets = (
				5D3C16FF25E2758100A939FF /* Homework_Storyboard_6 */,
			);
		};
/* End PBXProject section */

/* Begin PBXResourcesBuildPhase section */
		5D3C16FE25E2758100A939FF /* Resources */ = {
			isa = PBXResourcesBuildPhase;
			buildActionMask = 2147483647;
			files = (
				5D3C171025E2758300A939FF /* LaunchScreen.storyboard in Resources */,
				5D3C170D25E2758300A939FF /* Assets.xcassets in Resources */,
				5D3C170B25E2758100A939FF /* Main.storyboard in Resources */,
			);
			runOnlyForDeploymentPostprocessing = 0;
		};
/* End PBXResourcesBuildPhase section */

/* Begin PBXSourcesBuildPhase section */
		5D3C16FC25E2758100A939FF /* Sources */ = {
			isa = PBXSourcesBuildPhase;
			buildActionMask = 2147483647;
			files = (
				5D3C172425E2809100A939FF /* AddReviewViewController.swift in Sources */,
				5D3C172A25E2943D00A939FF /* Review.swift in Sources */,
				5D3C170425E2758100A939FF /* AppDelegate.swift in Sources */,
				5D3C172725E2930500A939FF /* Meal.swift in Sources */,
				5D3C171E25E2800200A939FF /* MealViewController.swift in Sources */,
				5D3C172125E2805700A939FF /* ReviewViewController.swift in Sources */,
				5D3C171A25E27FB800A939FF /* MenuViewController.swift in Sources */,
				5D3C170625E2758100A939FF /* SceneDelegate.swift in Sources */,
				5D3C172D25E2965B00A939FF /* AppData.swift in Sources */,
			);
			runOnlyForDeploymentPostprocessing = 0;
		};
/* End PBXSourcesBuildPhase section */

/* Begin PBXVariantGroup section */
		5D3C170925E2758100A939FF /* Main.storyboard */ = {
			isa = PBXVariantGroup;
			children = (
				5D3C170A25E2758100A939FF /* Base */,
			);
			name = Main.storyboard;
			sourceTree = "<group>";
		};
		5D3C170E25E2758300A939FF /* LaunchScreen.storyboard */ = {
			isa = PBXVariantGroup;
			children = (
				5D3C170F25E2758300A939FF /* Base */,
			);
			name = LaunchScreen.storyboard;
			sourceTree = "<group>";
		};
/* End PBXVariantGroup section */

/* Begin XCBuildConfiguration section */
		5D3C171225E2758300A939FF /* Debug */ = {
			isa = XCBuildConfiguration;
			buildSettings = {
				ALWAYS_SEARCH_USER_PATHS = NO;
				CLANG_ANALYZER_NONNULL = YES;
				CLANG_ANALYZER_NUMBER_OBJECT_CONVERSION = YES_AGGRESSIVE;
				CLANG_CXX_LANGUAGE_STANDARD = "gnu++14";
				CLANG_CXX_LIBRARY = "libc++";
				CLANG_ENABLE_MODULES = YES;
				CLANG_ENABLE_OBJC_ARC = YES;
				CLANG_ENABLE_OBJC_WEAK = YES;
				CLANG_WARN_BLOCK_CAPTURE_AUTORELEASING = YES;
				CLANG_WARN_BOOL_CONVERSION = YES;
				CLANG_WARN_COMMA = YES;
				CLANG_WARN_CONSTANT_CONVERSION = YES;
				CLANG_WARN_DEPRECATED_OBJC_IMPLEMENTATIONS = YES;
				CLANG_WARN_DIRECT_OBJC_ISA_USAGE = YES_ERROR;
				CLANG_WARN_DOCUMENTATION_COMMENTS = YES;
				CLANG_WARN_EMPTY_BODY = YES;
				CLANG_WARN_ENUM_CONVERSION = YES;
				CLANG_WARN_INFINITE_RECURSION = YES;
				CLANG_WARN_INT_CONVERSION = YES;
				CLANG_WARN_NON_LITERAL_NULL_CONVERSION = YES;
				CLANG_WARN_OBJC_IMPLICIT_RETAIN_SELF = YES;
				CLANG_WARN_OBJC_LITERAL_CONVERSION = YES;
				CLANG_WARN_OBJC_ROOT_CLASS = YES_ERROR;
				CLANG_WARN_QUOTED_INCLUDE_IN_FRAMEWORK_HEADER = YES;
				CLANG_WARN_RANGE_LOOP_ANALYSIS = YES;
				CLANG_WARN_STRICT_PROTOTYPES = YES;
				CLANG_WARN_SUSPICIOUS_MOVE = YES;
				CLANG_WARN_UNGUARDED_AVAILABILITY = YES_AGGRESSIVE;
				CLANG_WARN_UNREACHABLE_CODE = YES;
				CLANG_WARN__DUPLICATE_METHOD_MATCH = YES;
				COPY_PHASE_STRIP = NO;
				DEBUG_INFORMATION_FORMAT = dwarf;
				ENABLE_STRICT_OBJC_MSGSEND = YES;
				ENABLE_TESTABILITY = YES;
				GCC_C_LANGUAGE_STANDARD = gnu11;
				GCC_DYNAMIC_NO_PIC = NO;
				GCC_NO_COMMON_BLOCKS = YES;
				GCC_OPTIMIZATION_LEVEL = 0;
				GCC_PREPROCESSOR_DEFINITIONS = (
					"DEBUG=1",
					"$(inherited)",
				);
				GCC_WARN_64_TO_32_BIT_CONVERSION = YES;
				GCC_WARN_ABOUT_RETURN_TYPE = YES_ERROR;
				GCC_WARN_UNDECLARED_SELECTOR = YES;
				GCC_WARN_UNINITIALIZED_AUTOS = YES_AGGRESSIVE;
				GCC_WARN_UNUSED_FUNCTION = YES;
				GCC_WARN_UNUSED_VARIABLE = YES;
				IPHONEOS_DEPLOYMENT_TARGET = 14.4;
				MTL_ENABLE_DEBUG_INFO = INCLUDE_SOURCE;
				MTL_FAST_MATH = YES;
				ONLY_ACTIVE_ARCH = YES;
				SDKROOT = iphoneos;
				SWIFT_ACTIVE_COMPILATION_CONDITIONS = DEBUG;
				SWIFT_OPTIMIZATION_LEVEL = "-Onone";
			};
			name = Debug;
		};
		5D3C171325E2758300A939FF /* Release */ = {
			isa = XCBuildConfiguration;
			buildSettings = {
				ALWAYS_SEARCH_USER_PATHS = NO;
				CLANG_ANALYZER_NONNULL = YES;
				CLANG_ANALYZER_NUMBER_OBJECT_CONVERSION = YES_AGGRESSIVE;
				CLANG_CXX_LANGUAGE_STANDARD = "gnu++14";
				CLANG_CXX_LIBRARY = "libc++";
				CLANG_ENABLE_MODULES = YES;
				CLANG_ENABLE_OBJC_ARC = YES;
				CLANG_ENABLE_OBJC_WEAK = YES;
				CLANG_WARN_BLOCK_CAPTURE_AUTORELEASING = YES;
				CLANG_WARN_BOOL_CONVERSION = YES;
				CLANG_WARN_COMMA = YES;
				CLANG_WARN_CONSTANT_CONVERSION = YES;
				CLANG_WARN_DEPRECATED_OBJC_IMPLEMENTATIONS = YES;
				CLANG_WARN_DIRECT_OBJC_ISA_USAGE = YES_ERROR;
				CLANG_WARN_DOCUMENTATION_COMMENTS = YES;
				CLANG_WARN_EMPTY_BODY = YES;
				CLANG_WARN_ENUM_CONVERSION = YES;
				CLANG_WARN_INFINITE_RECURSION = YES;
				CLANG_WARN_INT_CONVERSION = YES;
				CLANG_WARN_NON_LITERAL_NULL_CONVERSION = YES;
				CLANG_WARN_OBJC_IMPLICIT_RETAIN_SELF = YES;
				CLANG_WARN_OBJC_LITERAL_CONVERSION = YES;
				CLANG_WARN_OBJC_ROOT_CLASS = YES_ERROR;
				CLANG_WARN_QUOTED_INCLUDE_IN_FRAMEWORK_HEADER = YES;
				CLANG_WARN_RANGE_LOOP_ANALYSIS = YES;
				CLANG_WARN_STRICT_PROTOTYPES = YES;
				CLANG_WARN_SUSPICIOUS_MOVE = YES;
				CLANG_WARN_UNGUARDED_AVAILABILITY = YES_AGGRESSIVE;
				CLANG_WARN_UNREACHABLE_CODE = YES;
				CLANG_WARN__DUPLICATE_METHOD_MATCH = YES;
				COPY_PHASE_STRIP = NO;
				DEBUG_INFORMATION_FORMAT = "dwarf-with-dsym";
				ENABLE_NS_ASSERTIONS = NO;
				ENABLE_STRICT_OBJC_MSGSEND = YES;
				GCC_C_LANGUAGE_STANDARD = gnu11;
				GCC_NO_COMMON_BLOCKS = YES;
				GCC_WARN_64_TO_32_BIT_CONVERSION = YES;
				GCC_WARN_ABOUT_RETURN_TYPE = YES_ERROR;
				GCC_WARN_UNDECLARED_SELECTOR = YES;
				GCC_WARN_UNINITIALIZED_AUTOS = YES_AGGRESSIVE;
				GCC_WARN_UNUSED_FUNCTION = YES;
				GCC_WARN_UNUSED_VARIABLE = YES;
				IPHONEOS_DEPLOYMENT_TARGET = 14.4;
				MTL_ENABLE_DEBUG_INFO = NO;
				MTL_FAST_MATH = YES;
				SDKROOT = iphoneos;
				SWIFT_COMPILATION_MODE = wholemodule;
				SWIFT_OPTIMIZATION_LEVEL = "-O";
				VALIDATE_PRODUCT = YES;
			};
			name = Release;
		};
		5D3C171525E2758300A939FF /* Debug */ = {
			isa = XCBuildConfiguration;
			buildSettings = {
				ASSETCATALOG_COMPILER_APPICON_NAME = AppIcon;
				ASSETCATALOG_COMPILER_GLOBAL_ACCENT_COLOR_NAME = AccentColor;
				CODE_SIGN_STYLE = Automatic;
				DEVELOPMENT_TEAM = L363K9J2RM;
				INFOPLIST_FILE = Homework_Storyboard_6/Info.plist;
				LD_RUNPATH_SEARCH_PATHS = (
					"$(inherited)",
					"@executable_path/Frameworks",
				);
				PRODUCT_BUNDLE_IDENTIFIER = "homework.Homework-Storyboard-6";
				PRODUCT_NAME = "$(TARGET_NAME)";
				SWIFT_VERSION = 5.0;
				TARGETED_DEVICE_FAMILY = 1;
			};
			name = Debug;
		};
		5D3C171625E2758300A939FF /* Release */ = {
			isa = XCBuildConfiguration;
			buildSettings = {
				ASSETCATALOG_COMPILER_APPICON_NAME = AppIcon;
				ASSETCATALOG_COMPILER_GLOBAL_ACCENT_COLOR_NAME = AccentColor;
				CODE_SIGN_STYLE = Automatic;
				DEVELOPMENT_TEAM = L363K9J2RM;
				INFOPLIST_FILE = Homework_Storyboard_6/Info.plist;
				LD_RUNPATH_SEARCH_PATHS = (
					"$(inherited)",
					"@executable_path/Frameworks",
				);
				PRODUCT_BUNDLE_IDENTIFIER = "homework.Homework-Storyboard-6";
				PRODUCT_NAME = "$(TARGET_NAME)";
				SWIFT_VERSION = 5.0;
				TARGETED_DEVICE_FAMILY = 1;
			};
			name = Release;
		};
/* End XCBuildConfiguration section */

/* Begin XCConfigurationList section */
		5D3C16FB25E2758100A939FF /* Build configuration list for PBXProject "Homework_Storyboard_6" */ = {
			isa = XCConfigurationList;
			buildConfigurations = (
				5D3C171225E2758300A939FF /* Debug */,
				5D3C171325E2758300A939FF /* Release */,
			);
			defaultConfigurationIsVisible = 0;
			defaultConfigurationName = Release;
		};
		5D3C171425E2758300A939FF /* Build configuration list for PBXNativeTarget "Homework_Storyboard_6" */ = {
			isa = XCConfigurationList;
			buildConfigurations = (
				5D3C171525E2758300A939FF /* Debug */,
				5D3C171625E2758300A939FF /* Release */,
			);
			defaultConfigurationIsVisible = 0;
			defaultConfigurationName = Release;
		};
/* End XCConfigurationList section */
	};
	rootObject = 5D3C16F825E2758100A939FF /* Project object */;
}
